
Microsoft Visual Studio Solution File, Format Version 12.00
Project("{FAE04EC0-301F-11D3-BF4B-00C04F79EFBC}") = "API.ObterJuros", "API.ObterJuros\API.ObterJuros.csproj", "{D1D03ABB-C3B4-4F9B-AE48-65228F2E264B}"
EndProject
Project("{FAE04EC0-301F-11D3-BF4B-00C04F79EFBC}") = "Core", "Core\Core.csproj", "{27A00321-A04E-4D7B-AF2E-63242E06227A}"
EndProject
Project("{FAE04EC0-301F-11D3-BF4B-00C04F79EFBC}") = "Infrastructure", "Infrastructure\Infrastructure.csproj", "{91496870-09A5-4920-BEE2-1BB383B2ACAB}"
EndProject
Project("{FAE04EC0-301F-11D3-BF4B-00C04F79EFBC}") = "API.CalcularJuros", "API.CalcularJuros\API.CalcularJuros.csproj", "{CCFA6432-C9AE-4E6B-87AA-8CB098EE8252}"
EndProject
Project("{FAE04EC0-301F-11D3-BF4B-00C04F79EFBC}") = "API.CalcularJuros.IntegrationTests", "API.CalcularJuros.IntegrationTests\API.CalcularJuros.IntegrationTests.csproj", "{C28F1690-14B7-480A-A130-CBF6AED30E05}"
EndProject
Project("{FAE04EC0-301F-11D3-BF4B-00C04F79EFBC}") = "API.ObterJuros.UnitTests", "API.ObterJuros.UnitTests\API.ObterJuros.UnitTests.csproj", "{A36F68FF-DBF4-4C4C-B757-4789876197D5}"
EndProject
Project("{FAE04EC0-301F-11D3-BF4B-00C04F79EFBC}") = "Common", "Common\Common.csproj", "{29E0E03F-4E7B-4F84-AE24-93058507BB2F}"
EndProject
Project("{FAE04EC0-301F-11D3-BF4B-00C04F79EFBC}") = "API.ObterJuros.IntegrationTests", "API.ObterJuros.IntegrationTests\API.ObterJuros.IntegrationTests.csproj", "{C5987029-5C1E-4760-AB20-2355C2EB57A1}"
EndProject
Project("{FAE04EC0-301F-11D3-BF4B-00C04F79EFBC}") = "WebApplication", "WebApplication\WebApplication.csproj", "{299564F8-577B-4ACC-BA9B-C45195C95645}"
EndProject
Global
	GlobalSection(SolutionConfigurationPlatforms) = preSolution
		Debug|Any CPU = Debug|Any CPU
		Release|Any CPU = Release|Any CPU
	EndGlobalSection
	GlobalSection(ProjectConfigurationPlatforms) = postSolution
		{D1D03ABB-C3B4-4F9B-AE48-65228F2E264B}.Debug|Any CPU.ActiveCfg = Debug|Any CPU
		{D1D03ABB-C3B4-4F9B-AE48-65228F2E264B}.Debug|Any CPU.Build.0 = Debug|Any CPU
		{D1D03ABB-C3B4-4F9B-AE48-65228F2E264B}.Release|Any CPU.ActiveCfg = Release|Any CPU
		{D1D03ABB-C3B4-4F9B-AE48-65228F2E264B}.Release|Any CPU.Build.0 = Release|Any CPU
		{27A00321-A04E-4D7B-AF2E-63242E06227A}.Debug|Any CPU.ActiveCfg = Debug|Any CPU
		{27A00321-A04E-4D7B-AF2E-63242E06227A}.Debug|Any CPU.Build.0 = Debug|Any CPU
		{27A00321-A04E-4D7B-AF2E-63242E06227A}.Release|Any CPU.ActiveCfg = Release|Any CPU
		{27A00321-A04E-4D7B-AF2E-63242E06227A}.Release|Any CPU.Build.0 = Release|Any CPU
		{91496870-09A5-4920-BEE2-1BB383B2ACAB}.Debug|Any CPU.ActiveCfg = Debug|Any CPU
		{91496870-09A5-4920-BEE2-1BB383B2ACAB}.Debug|Any CPU.Build.0 = Debug|Any CPU
		{91496870-09A5-4920-BEE2-1BB383B2ACAB}.Release|Any CPU.ActiveCfg = Release|Any CPU
		{91496870-09A5-4920-BEE2-1BB383B2ACAB}.Release|Any CPU.Build.0 = Release|Any CPU
		{CCFA6432-C9AE-4E6B-87AA-8CB098EE8252}.Debug|Any CPU.ActiveCfg = Debug|Any CPU
		{CCFA6432-C9AE-4E6B-87AA-8CB098EE8252}.Debug|Any CPU.Build.0 = Debug|Any CPU
		{CCFA6432-C9AE-4E6B-87AA-8CB098EE8252}.Release|Any CPU.ActiveCfg = Release|Any CPU
		{CCFA6432-C9AE-4E6B-87AA-8CB098EE8252}.Release|Any CPU.Build.0 = Release|Any CPU
		{C28F1690-14B7-480A-A130-CBF6AED30E05}.Debug|Any CPU.ActiveCfg = Debug|Any CPU
		{C28F1690-14B7-480A-A130-CBF6AED30E05}.Debug|Any CPU.Build.0 = Debug|Any CPU
		{C28F1690-14B7-480A-A130-CBF6AED30E05}.Release|Any CPU.ActiveCfg = Release|Any CPU
		{C28F1690-14B7-480A-A130-CBF6AED30E05}.Release|Any CPU.Build.0 = Release|Any CPU
		{A36F68FF-DBF4-4C4C-B757-4789876197D5}.Debug|Any CPU.ActiveCfg = Debug|Any CPU
		{A36F68FF-DBF4-4C4C-B757-4789876197D5}.Debug|Any CPU.Build.0 = Debug|Any CPU
		{A36F68FF-DBF4-4C4C-B757-4789876197D5}.Release|Any CPU.ActiveCfg = Release|Any CPU
		{A36F68FF-DBF4-4C4C-B757-4789876197D5}.Release|Any CPU.Build.0 = Release|Any CPU
		{29E0E03F-4E7B-4F84-AE24-93058507BB2F}.Debug|Any CPU.ActiveCfg = Debug|Any CPU
		{29E0E03F-4E7B-4F84-AE24-93058507BB2F}.Debug|Any CPU.Build.0 = Debug|Any CPU
		{29E0E03F-4E7B-4F84-AE24-93058507BB2F}.Release|Any CPU.ActiveCfg = Release|Any CPU
		{29E0E03F-4E7B-4F84-AE24-93058507BB2F}.Release|Any CPU.Build.0 = Release|Any CPU
		{C5987029-5C1E-4760-AB20-2355C2EB57A1}.Debug|Any CPU.ActiveCfg = Debug|Any CPU
		{C5987029-5C1E-4760-AB20-2355C2EB57A1}.Debug|Any CPU.Build.0 = Debug|Any CPU
		{C5987029-5C1E-4760-AB20-2355C2EB57A1}.Release|Any CPU.ActiveCfg = Release|Any CPU
		{C5987029-5C1E-4760-AB20-2355C2EB57A1}.Release|Any CPU.Build.0 = Release|Any CPU
		{299564F8-577B-4ACC-BA9B-C45195C95645}.Debug|Any CPU.ActiveCfg = Debug|Any CPU
		{299564F8-577B-4ACC-BA9B-C45195C95645}.Debug|Any CPU.Build.0 = Debug|Any CPU
		{299564F8-577B-4ACC-BA9B-C45195C95645}.Release|Any CPU.ActiveCfg = Release|Any CPU
		{299564F8-577B-4ACC-BA9B-C45195C95645}.Release|Any CPU.Build.0 = Release|Any CPU
	EndGlobalSection
EndGlobal
